<?xml version="1.0" encoding="utf-8"?>
<Project ToolsVersion="4.0" xmlns="http://schemas.microsoft.com/developer/msbuild/2003">
  <ItemGroup>
    <ClCompile Include="source\Source.cpp" />
    <ClCompile Include="source\barclasses.cpp">
      <Filter>classes</Filter>
    </ClCompile>
    <ClCompile Include="source\barcodeCreator.cpp">
      <Filter>main</Filter>
    </ClCompile>
    <ClCompile Include="source\Component.cpp">
      <Filter>main</Filter>
    </ClCompile>
    <ClCompile Include="source\Hole.cpp">
      <Filter>main</Filter>
    </ClCompile>
    <ClCompile Include="source\Barpy.cpp">
      <Filter>pylib</Filter>
    </ClCompile>
    <ClCompile Include="source\Neuro.cpp">
      <Filter>Genetic</Filter>
    </ClCompile>
    <ClCompile Include="include\GenCommand.h">
      <Filter>Genetic</Filter>
    </ClCompile>
    <ClCompile Include="modules\convertation.cpp">
      <Filter>Modules</Filter>
    </ClCompile>
    <ClCompile Include="modules\tiffreader.cpp">
      <Filter>Modules</Filter>
    </ClCompile>
  </ItemGroup>
  <ItemGroup>
    <ClInclude Include="include\barline.h">
      <Filter>classes</Filter>
    </ClInclude>
    <ClInclude Include="include\barImg.h">
      <Filter>classes</Filter>
    </ClInclude>
    <ClInclude Include="include\barclasses.h">
      <Filter>classes</Filter>
    </ClInclude>
    <ClInclude Include="include\barcodeCreator.h">
      <Filter>main</Filter>
    </ClInclude>
    <ClInclude Include="include\barstrucs.h">
      <Filter>classes</Filter>
    </ClInclude>
    <ClInclude Include="include\Component.h">
      <Filter>main</Filter>
    </ClInclude>
    <ClInclude Include="include\include_py.h">
      <Filter>include</Filter>
    </ClInclude>
    <ClInclude Include="include\include_cv.h">
      <Filter>include</Filter>
    </ClInclude>
    <ClInclude Include="include\presets.h">
      <Filter>include</Filter>
    </ClInclude>
    <ClInclude Include="include\Hole.h">
      <Filter>main</Filter>
    </ClInclude>
    <ClInclude Include="include\pytemplcalsses.h">
      <Filter>pylib</Filter>
    </ClInclude>
    <ClInclude Include="include\barscalar.h">
      <Filter>classes</Filter>
    </ClInclude>
    <ClInclude Include="include\CellMachine.h">
      <Filter>Genetic</Filter>
    </ClInclude>
    <ClInclude Include="include\MachineProcessor.h">
      <Filter>Genetic</Filter>
    </ClInclude>
    <ClInclude Include="include\CellAutomat.h">
      <Filter>Genetic</Filter>
    </ClInclude>
    <ClInclude Include="include\CellAutomatProcessor.h">
      <Filter>Genetic</Filter>
    </ClInclude>
    <ClInclude Include="include\GenCommon.h">
      <Filter>Genetic</Filter>
    </ClInclude>
    <ClInclude Include="modules\convertion.h">
      <Filter>Modules</Filter>
    </ClInclude>
    <ClInclude Include="modules\tiffreader.h">
      <Filter>Modules</Filter>
    </ClInclude>
    <ClInclude Include="modules\decoder.h">
      <Filter>Modules</Filter>
    </ClInclude>
    <ClInclude Include="modules\base.h">
      <Filter>Modules</Filter>
    </ClInclude>
    <ClInclude Include="modules\BinFile.h">
      <Filter>Modules</Filter>
    </ClInclude>
  </ItemGroup>
  <ItemGroup>
    <None Include="cpp.hint">
      <Filter>pylib</Filter>
    </None>
    <None Include="main.def">
      <Filter>pylib</Filter>
    </None>
  </ItemGroup>
  <ItemGroup>
    <Filter Include="classes">
      <UniqueIdentifier>{224ee232-8999-4f78-9cea-9dee7b2f78a3}</UniqueIdentifier>
    </Filter>
    <Filter Include="main">
      <UniqueIdentifier>{7354a58a-37aa-4e44-b6d9-da0a5f894e42}</UniqueIdentifier>
    </Filter>
    <Filter Include="include">
      <UniqueIdentifier>{df8989af-ec65-4440-808d-4d6fe21de29b}</UniqueIdentifier>
    </Filter>
    <Filter Include="algorithmes">
      <UniqueIdentifier>{11c519aa-49c0-4e22-a0b6-7d26b072e553}</UniqueIdentifier>
    </Filter>
    <Filter Include="pylib">
      <UniqueIdentifier>{9f157a27-63c7-4c3d-a4c7-9de387865fa6}</UniqueIdentifier>
    </Filter>
    <Filter Include="Genetic">
      <UniqueIdentifier>{b46579c0-86f7-46c4-808a-602863f36628}</UniqueIdentifier>
    </Filter>
    <Filter Include="Modules">
      <UniqueIdentifier>{a41a5521-13b4-4b8e-83af-470762347d48}</UniqueIdentifier>
    </Filter>
  </ItemGroup>
</Project>