
Microsoft Visual Studio Solution File, Format Version 12.00
# Visual Studio Version 17
VisualStudioVersion = 17.0.31903.59
MinimumVisualStudioVersion = 10.0.40219.1
Project("{8BC9CEB8-8B4A-11D0-8D11-00A0C91BC942}") = "Barcode", "PrjBarlib\Barcode.vcxproj", "{68FA0358-8BEC-4D6F-833A-981B5ABEE5A2}"
EndProject
Project("{8BC9CEB8-8B4A-11D0-8D11-00A0C91BC942}") = "ModuleTests", "ModuleTests\ModuleTests.vcxproj", "{EB17E290-FF94-474C-9B80-B74AD44B9F78}"
EndProject
Global
	GlobalSection(SolutionConfigurationPlatforms) = preSolution
		Debug|Any CPU = Debug|Any CPU
		Debug|x64 = Debug|x64
		dll cvless|Any CPU = dll cvless|Any CPU
		dll cvless|x64 = dll cvless|x64
		dll|Any CPU = dll|Any CPU
		dll|x64 = dll|x64
		Python 39|Any CPU = Python 39|Any CPU
		Python 39|x64 = Python 39|x64
		Python Debug|Any CPU = Python Debug|Any CPU
		Python Debug|x64 = Python Debug|x64
		Release|Any CPU = Release|Any CPU
		Release|x64 = Release|x64
		stl cvless|Any CPU = stl cvless|Any CPU
		stl cvless|x64 = stl cvless|x64
		stl|Any CPU = stl|Any CPU
		stl|x64 = stl|x64
		Test|Any CPU = Test|Any CPU
		Test|x64 = Test|x64
	EndGlobalSection
	GlobalSection(ProjectConfigurationPlatforms) = postSolution
		{68FA0358-8BEC-4D6F-833A-981B5ABEE5A2}.Debug|x64.ActiveCfg = Debug|x64
		{68FA0358-8BEC-4D6F-833A-981B5ABEE5A2}.Debug|x64.Build.0 = Debug|x64
		{68FA0358-8BEC-4D6F-833A-981B5ABEE5A2}.dll cvless|x64.ActiveCfg = dll cvless|x64
		{68FA0358-8BEC-4D6F-833A-981B5ABEE5A2}.dll cvless|x64.Build.0 = dll cvless|x64
		{68FA0358-8BEC-4D6F-833A-981B5ABEE5A2}.dll|x64.ActiveCfg = dll|x64
		{68FA0358-8BEC-4D6F-833A-981B5ABEE5A2}.dll|x64.Build.0 = dll|x64
		{68FA0358-8BEC-4D6F-833A-981B5ABEE5A2}.Python 39|Any CPU.ActiveCfg = Python 39|x64
		{68FA0358-8BEC-4D6F-833A-981B5ABEE5A2}.Python 39|Any CPU.Build.0 = Python 39|x64
		{68FA0358-8BEC-4D6F-833A-981B5ABEE5A2}.Python 39|x64.ActiveCfg = Python 39|x64
		{68FA0358-8BEC-4D6F-833A-981B5ABEE5A2}.Python Debug|x64.ActiveCfg = Python Debug|x64
		{68FA0358-8BEC-4D6F-833A-981B5ABEE5A2}.Python Debug|x64.Build.0 = Python Debug|x64
		{68FA0358-8BEC-4D6F-833A-981B5ABEE5A2}.Release|x64.ActiveCfg = Release|x64
		{68FA0358-8BEC-4D6F-833A-981B5ABEE5A2}.Release|x64.Build.0 = Release|x64
		{68FA0358-8BEC-4D6F-833A-981B5ABEE5A2}.stl cvless|x64.ActiveCfg = stl cvless|x64
		{68FA0358-8BEC-4D6F-833A-981B5ABEE5A2}.stl cvless|x64.Build.0 = stl cvless|x64
		{68FA0358-8BEC-4D6F-833A-981B5ABEE5A2}.stl|x64.ActiveCfg = stl|x64
		{68FA0358-8BEC-4D6F-833A-981B5ABEE5A2}.stl|x64.Build.0 = stl|x64
		{68FA0358-8BEC-4D6F-833A-981B5ABEE5A2}.Test|Any CPU.ActiveCfg = Test|x64
		{68FA0358-8BEC-4D6F-833A-981B5ABEE5A2}.Test|Any CPU.Build.0 = Test|x64
		{68FA0358-8BEC-4D6F-833A-981B5ABEE5A2}.Test|x64.ActiveCfg = Test|x64
		{68FA0358-8BEC-4D6F-833A-981B5ABEE5A2}.Test|x64.Build.0 = Test|x64
		{E5F6153F-EA69-4A37-80B8-37750A02B31F}.Debug|Any CPU.ActiveCfg = Debug|Any CPU
		{E5F6153F-EA69-4A37-80B8-37750A02B31F}.Debug|Any CPU.Build.0 = Debug|Any CPU
		{E5F6153F-EA69-4A37-80B8-37750A02B31F}.Debug|x64.ActiveCfg = Debug|Any CPU
		{E5F6153F-EA69-4A37-80B8-37750A02B31F}.Debug|x64.Build.0 = Debug|Any CPU
		{E5F6153F-EA69-4A37-80B8-37750A02B31F}.dll cvless|Any CPU.ActiveCfg = Debug|Any CPU
		{E5F6153F-EA69-4A37-80B8-37750A02B31F}.dll cvless|Any CPU.Build.0 = Debug|Any CPU
		{E5F6153F-EA69-4A37-80B8-37750A02B31F}.dll cvless|x64.ActiveCfg = Debug|Any CPU
		{E5F6153F-EA69-4A37-80B8-37750A02B31F}.dll cvless|x64.Build.0 = Debug|Any CPU
		{E5F6153F-EA69-4A37-80B8-37750A02B31F}.dll|Any CPU.ActiveCfg = Debug|Any CPU
		{E5F6153F-EA69-4A37-80B8-37750A02B31F}.dll|Any CPU.Build.0 = Debug|Any CPU
		{E5F6153F-EA69-4A37-80B8-37750A02B31F}.dll|x64.ActiveCfg = Debug|Any CPU
		{E5F6153F-EA69-4A37-80B8-37750A02B31F}.dll|x64.Build.0 = Debug|Any CPU
		{E5F6153F-EA69-4A37-80B8-37750A02B31F}.Python 39|Any CPU.ActiveCfg = Release|Any CPU
		{E5F6153F-EA69-4A37-80B8-37750A02B31F}.Python 39|x64.ActiveCfg = Release|Any CPU
		{E5F6153F-EA69-4A37-80B8-37750A02B31F}.Python Debug|Any CPU.ActiveCfg = Debug|Any CPU
		{E5F6153F-EA69-4A37-80B8-37750A02B31F}.Python Debug|Any CPU.Build.0 = Debug|Any CPU
		{E5F6153F-EA69-4A37-80B8-37750A02B31F}.Python Debug|x64.ActiveCfg = Debug|Any CPU
		{E5F6153F-EA69-4A37-80B8-37750A02B31F}.Python Debug|x64.Build.0 = Debug|Any CPU
		{E5F6153F-EA69-4A37-80B8-37750A02B31F}.Release|Any CPU.ActiveCfg = Release|Any CPU
		{E5F6153F-EA69-4A37-80B8-37750A02B31F}.Release|Any CPU.Build.0 = Release|Any CPU
		{E5F6153F-EA69-4A37-80B8-37750A02B31F}.Release|x64.ActiveCfg = Release|Any CPU
		{E5F6153F-EA69-4A37-80B8-37750A02B31F}.Release|x64.Build.0 = Release|Any CPU
		{E5F6153F-EA69-4A37-80B8-37750A02B31F}.stl cvless|Any CPU.ActiveCfg = Debug|Any CPU
		{E5F6153F-EA69-4A37-80B8-37750A02B31F}.stl cvless|Any CPU.Build.0 = Debug|Any CPU
		{E5F6153F-EA69-4A37-80B8-37750A02B31F}.stl cvless|x64.ActiveCfg = Debug|Any CPU
		{E5F6153F-EA69-4A37-80B8-37750A02B31F}.stl cvless|x64.Build.0 = Debug|Any CPU
		{E5F6153F-EA69-4A37-80B8-37750A02B31F}.stl|Any CPU.ActiveCfg = Debug|Any CPU
		{E5F6153F-EA69-4A37-80B8-37750A02B31F}.stl|Any CPU.Build.0 = Debug|Any CPU
		{E5F6153F-EA69-4A37-80B8-37750A02B31F}.stl|x64.ActiveCfg = Debug|Any CPU
		{E5F6153F-EA69-4A37-80B8-37750A02B31F}.stl|x64.Build.0 = Debug|Any CPU
		{E5F6153F-EA69-4A37-80B8-37750A02B31F}.Test|Any CPU.ActiveCfg = Release|Any CPU
		{E5F6153F-EA69-4A37-80B8-37750A02B31F}.Test|x64.ActiveCfg = Release|Any CPU
		{405FEA7C-DED4-47BD-B56F-AA45FABD4618}.Debug|Any CPU.ActiveCfg = Debug|Any CPU
		{405FEA7C-DED4-47BD-B56F-AA45FABD4618}.Debug|Any CPU.Build.0 = Debug|Any CPU
		{405FEA7C-DED4-47BD-B56F-AA45FABD4618}.Debug|x64.ActiveCfg = Debug|Any CPU
		{405FEA7C-DED4-47BD-B56F-AA45FABD4618}.Debug|x64.Build.0 = Debug|Any CPU
		{405FEA7C-DED4-47BD-B56F-AA45FABD4618}.dll cvless|Any CPU.ActiveCfg = Debug|Any CPU
		{405FEA7C-DED4-47BD-B56F-AA45FABD4618}.dll cvless|Any CPU.Build.0 = Debug|Any CPU
		{405FEA7C-DED4-47BD-B56F-AA45FABD4618}.dll cvless|x64.ActiveCfg = Debug|Any CPU
		{405FEA7C-DED4-47BD-B56F-AA45FABD4618}.dll cvless|x64.Build.0 = Debug|Any CPU
		{405FEA7C-DED4-47BD-B56F-AA45FABD4618}.dll|Any CPU.ActiveCfg = Debug|Any CPU
		{405FEA7C-DED4-47BD-B56F-AA45FABD4618}.dll|Any CPU.Build.0 = Debug|Any CPU
		{405FEA7C-DED4-47BD-B56F-AA45FABD4618}.dll|x64.ActiveCfg = Debug|Any CPU
		{405FEA7C-DED4-47BD-B56F-AA45FABD4618}.dll|x64.Build.0 = Debug|Any CPU
		{405FEA7C-DED4-47BD-B56F-AA45FABD4618}.Python 39|Any CPU.ActiveCfg = Release|Any CPU
		{405FEA7C-DED4-47BD-B56F-AA45FABD4618}.Python 39|x64.ActiveCfg = Release|Any CPU
		{405FEA7C-DED4-47BD-B56F-AA45FABD4618}.Python Debug|Any CPU.ActiveCfg = Debug|Any CPU
		{405FEA7C-DED4-47BD-B56F-AA45FABD4618}.Python Debug|Any CPU.Build.0 = Debug|Any CPU
		{405FEA7C-DED4-47BD-B56F-AA45FABD4618}.Python Debug|x64.ActiveCfg = Debug|Any CPU
		{405FEA7C-DED4-47BD-B56F-AA45FABD4618}.Python Debug|x64.Build.0 = Debug|Any CPU
		{405FEA7C-DED4-47BD-B56F-AA45FABD4618}.Release|Any CPU.ActiveCfg = Release|Any CPU
		{405FEA7C-DED4-47BD-B56F-AA45FABD4618}.Release|Any CPU.Build.0 = Release|Any CPU
		{405FEA7C-DED4-47BD-B56F-AA45FABD4618}.Release|x64.ActiveCfg = Release|Any CPU
		{405FEA7C-DED4-47BD-B56F-AA45FABD4618}.Release|x64.Build.0 = Release|Any CPU
		{405FEA7C-DED4-47BD-B56F-AA45FABD4618}.stl cvless|Any CPU.ActiveCfg = Debug|Any CPU
		{405FEA7C-DED4-47BD-B56F-AA45FABD4618}.stl cvless|Any CPU.Build.0 = Debug|Any CPU
		{405FEA7C-DED4-47BD-B56F-AA45FABD4618}.stl cvless|x64.ActiveCfg = Debug|Any CPU
		{405FEA7C-DED4-47BD-B56F-AA45FABD4618}.stl cvless|x64.Build.0 = Debug|Any CPU
		{405FEA7C-DED4-47BD-B56F-AA45FABD4618}.stl|Any CPU.ActiveCfg = Debug|Any CPU
		{405FEA7C-DED4-47BD-B56F-AA45FABD4618}.stl|Any CPU.Build.0 = Debug|Any CPU
		{405FEA7C-DED4-47BD-B56F-AA45FABD4618}.stl|x64.ActiveCfg = Debug|Any CPU
		{405FEA7C-DED4-47BD-B56F-AA45FABD4618}.stl|x64.Build.0 = Debug|Any CPU
		{405FEA7C-DED4-47BD-B56F-AA45FABD4618}.Test|Any CPU.ActiveCfg = Release|Any CPU
		{405FEA7C-DED4-47BD-B56F-AA45FABD4618}.Test|x64.ActiveCfg = Release|Any CPU
		{08C1F9EE-8150-4F28-B2B7-5A33223917AB}.Debug|Any CPU.ActiveCfg = Debug|Any CPU
		{08C1F9EE-8150-4F28-B2B7-5A33223917AB}.Debug|Any CPU.Build.0 = Debug|Any CPU
		{08C1F9EE-8150-4F28-B2B7-5A33223917AB}.Debug|x64.ActiveCfg = Debug|Any CPU
		{08C1F9EE-8150-4F28-B2B7-5A33223917AB}.Debug|x64.Build.0 = Debug|Any CPU
		{08C1F9EE-8150-4F28-B2B7-5A33223917AB}.dll cvless|Any CPU.ActiveCfg = Debug|Any CPU
		{08C1F9EE-8150-4F28-B2B7-5A33223917AB}.dll cvless|Any CPU.Build.0 = Debug|Any CPU
		{08C1F9EE-8150-4F28-B2B7-5A33223917AB}.dll cvless|x64.ActiveCfg = Debug|Any CPU
		{08C1F9EE-8150-4F28-B2B7-5A33223917AB}.dll cvless|x64.Build.0 = Debug|Any CPU
		{08C1F9EE-8150-4F28-B2B7-5A33223917AB}.dll|Any CPU.ActiveCfg = Debug|Any CPU
		{08C1F9EE-8150-4F28-B2B7-5A33223917AB}.dll|Any CPU.Build.0 = Debug|Any CPU
		{08C1F9EE-8150-4F28-B2B7-5A33223917AB}.dll|x64.ActiveCfg = Debug|Any CPU
		{08C1F9EE-8150-4F28-B2B7-5A33223917AB}.dll|x64.Build.0 = Debug|Any CPU
		{08C1F9EE-8150-4F28-B2B7-5A33223917AB}.Python 39|Any CPU.ActiveCfg = Release|Any CPU
		{08C1F9EE-8150-4F28-B2B7-5A33223917AB}.Python 39|x64.ActiveCfg = Release|Any CPU
		{08C1F9EE-8150-4F28-B2B7-5A33223917AB}.Python Debug|Any CPU.ActiveCfg = Debug|Any CPU
		{08C1F9EE-8150-4F28-B2B7-5A33223917AB}.Python Debug|Any CPU.Build.0 = Debug|Any CPU
		{08C1F9EE-8150-4F28-B2B7-5A33223917AB}.Python Debug|x64.ActiveCfg = Debug|Any CPU
		{08C1F9EE-8150-4F28-B2B7-5A33223917AB}.Python Debug|x64.Build.0 = Debug|Any CPU
		{08C1F9EE-8150-4F28-B2B7-5A33223917AB}.Release|Any CPU.ActiveCfg = Release|Any CPU
		{08C1F9EE-8150-4F28-B2B7-5A33223917AB}.Release|Any CPU.Build.0 = Release|Any CPU
		{08C1F9EE-8150-4F28-B2B7-5A33223917AB}.Release|x64.ActiveCfg = Release|Any CPU
		{08C1F9EE-8150-4F28-B2B7-5A33223917AB}.Release|x64.Build.0 = Release|Any CPU
		{08C1F9EE-8150-4F28-B2B7-5A33223917AB}.stl cvless|Any CPU.ActiveCfg = Debug|Any CPU
		{08C1F9EE-8150-4F28-B2B7-5A33223917AB}.stl cvless|Any CPU.Build.0 = Debug|Any CPU
		{08C1F9EE-8150-4F28-B2B7-5A33223917AB}.stl cvless|x64.ActiveCfg = Debug|Any CPU
		{08C1F9EE-8150-4F28-B2B7-5A33223917AB}.stl cvless|x64.Build.0 = Debug|Any CPU
		{08C1F9EE-8150-4F28-B2B7-5A33223917AB}.stl|Any CPU.ActiveCfg = Debug|Any CPU
		{08C1F9EE-8150-4F28-B2B7-5A33223917AB}.stl|Any CPU.Build.0 = Debug|Any CPU
		{08C1F9EE-8150-4F28-B2B7-5A33223917AB}.stl|x64.ActiveCfg = Debug|Any CPU
		{08C1F9EE-8150-4F28-B2B7-5A33223917AB}.stl|x64.Build.0 = Debug|Any CPU
		{08C1F9EE-8150-4F28-B2B7-5A33223917AB}.Test|Any CPU.ActiveCfg = Debug|Any CPU
		{08C1F9EE-8150-4F28-B2B7-5A33223917AB}.Test|Any CPU.Build.0 = Debug|Any CPU
		{08C1F9EE-8150-4F28-B2B7-5A33223917AB}.Test|x64.ActiveCfg = Debug|Any CPU
		{08C1F9EE-8150-4F28-B2B7-5A33223917AB}.Test|x64.Build.0 = Debug|Any CPU
		{3332C58B-B7A7-4379-9E6F-9E36D18A421F}.Debug|Any CPU.ActiveCfg = Debug|Any CPU
		{3332C58B-B7A7-4379-9E6F-9E36D18A421F}.Debug|Any CPU.Build.0 = Debug|Any CPU
		{3332C58B-B7A7-4379-9E6F-9E36D18A421F}.Debug|x64.ActiveCfg = Debug|Any CPU
		{3332C58B-B7A7-4379-9E6F-9E36D18A421F}.Debug|x64.Build.0 = Debug|Any CPU
		{3332C58B-B7A7-4379-9E6F-9E36D18A421F}.dll cvless|Any CPU.ActiveCfg = Debug|Any CPU
		{3332C58B-B7A7-4379-9E6F-9E36D18A421F}.dll cvless|Any CPU.Build.0 = Debug|Any CPU
		{3332C58B-B7A7-4379-9E6F-9E36D18A421F}.dll cvless|x64.ActiveCfg = Debug|Any CPU
		{3332C58B-B7A7-4379-9E6F-9E36D18A421F}.dll cvless|x64.Build.0 = Debug|Any CPU
		{3332C58B-B7A7-4379-9E6F-9E36D18A421F}.dll|Any CPU.ActiveCfg = Debug|Any CPU
		{3332C58B-B7A7-4379-9E6F-9E36D18A421F}.dll|Any CPU.Build.0 = Debug|Any CPU
		{3332C58B-B7A7-4379-9E6F-9E36D18A421F}.dll|x64.ActiveCfg = Debug|Any CPU
		{3332C58B-B7A7-4379-9E6F-9E36D18A421F}.dll|x64.Build.0 = Debug|Any CPU
		{3332C58B-B7A7-4379-9E6F-9E36D18A421F}.Python 39|Any CPU.ActiveCfg = Release|Any CPU
		{3332C58B-B7A7-4379-9E6F-9E36D18A421F}.Python 39|x64.ActiveCfg = Release|Any CPU
		{3332C58B-B7A7-4379-9E6F-9E36D18A421F}.Python Debug|Any CPU.ActiveCfg = Debug|Any CPU
		{3332C58B-B7A7-4379-9E6F-9E36D18A421F}.Python Debug|Any CPU.Build.0 = Debug|Any CPU
		{3332C58B-B7A7-4379-9E6F-9E36D18A421F}.Python Debug|x64.ActiveCfg = Debug|Any CPU
		{3332C58B-B7A7-4379-9E6F-9E36D18A421F}.Python Debug|x64.Build.0 = Debug|Any CPU
		{3332C58B-B7A7-4379-9E6F-9E36D18A421F}.Release|Any CPU.ActiveCfg = Release|Any CPU
		{3332C58B-B7A7-4379-9E6F-9E36D18A421F}.Release|Any CPU.Build.0 = Release|Any CPU
		{3332C58B-B7A7-4379-9E6F-9E36D18A421F}.Release|x64.ActiveCfg = Release|Any CPU
		{3332C58B-B7A7-4379-9E6F-9E36D18A421F}.Release|x64.Build.0 = Release|Any CPU
		{3332C58B-B7A7-4379-9E6F-9E36D18A421F}.stl cvless|Any CPU.ActiveCfg = Debug|Any CPU
		{3332C58B-B7A7-4379-9E6F-9E36D18A421F}.stl cvless|Any CPU.Build.0 = Debug|Any CPU
		{3332C58B-B7A7-4379-9E6F-9E36D18A421F}.stl cvless|x64.ActiveCfg = Debug|Any CPU
		{3332C58B-B7A7-4379-9E6F-9E36D18A421F}.stl cvless|x64.Build.0 = Debug|Any CPU
		{3332C58B-B7A7-4379-9E6F-9E36D18A421F}.stl|Any CPU.ActiveCfg = Debug|Any CPU
		{3332C58B-B7A7-4379-9E6F-9E36D18A421F}.stl|Any CPU.Build.0 = Debug|Any CPU
		{3332C58B-B7A7-4379-9E6F-9E36D18A421F}.stl|x64.ActiveCfg = Debug|Any CPU
		{3332C58B-B7A7-4379-9E6F-9E36D18A421F}.stl|x64.Build.0 = Debug|Any CPU
		{3332C58B-B7A7-4379-9E6F-9E36D18A421F}.Test|Any CPU.ActiveCfg = Debug|Any CPU
		{3332C58B-B7A7-4379-9E6F-9E36D18A421F}.Test|Any CPU.Build.0 = Debug|Any CPU
		{3332C58B-B7A7-4379-9E6F-9E36D18A421F}.Test|x64.ActiveCfg = Debug|Any CPU
		{3332C58B-B7A7-4379-9E6F-9E36D18A421F}.Test|x64.Build.0 = Debug|Any CPU
		{EB17E290-FF94-474C-9B80-B74AD44B9F78}.Debug|Any CPU.ActiveCfg = Debug|x64
		{EB17E290-FF94-474C-9B80-B74AD44B9F78}.Debug|Any CPU.Build.0 = Debug|x64
		{EB17E290-FF94-474C-9B80-B74AD44B9F78}.Debug|x64.ActiveCfg = Debug|x64
		{EB17E290-FF94-474C-9B80-B74AD44B9F78}.Debug|x64.Build.0 = Debug|x64
		{EB17E290-FF94-474C-9B80-B74AD44B9F78}.dll cvless|Any CPU.ActiveCfg = Debug|x64
		{EB17E290-FF94-474C-9B80-B74AD44B9F78}.dll cvless|Any CPU.Build.0 = Debug|x64
		{EB17E290-FF94-474C-9B80-B74AD44B9F78}.dll cvless|x64.ActiveCfg = Debug|x64
		{EB17E290-FF94-474C-9B80-B74AD44B9F78}.dll cvless|x64.Build.0 = Debug|x64
		{EB17E290-FF94-474C-9B80-B74AD44B9F78}.dll|Any CPU.ActiveCfg = Debug|x64
		{EB17E290-FF94-474C-9B80-B74AD44B9F78}.dll|Any CPU.Build.0 = Debug|x64
		{EB17E290-FF94-474C-9B80-B74AD44B9F78}.dll|x64.ActiveCfg = Debug|x64
		{EB17E290-FF94-474C-9B80-B74AD44B9F78}.dll|x64.Build.0 = Debug|x64
		{EB17E290-FF94-474C-9B80-B74AD44B9F78}.Python 39|Any CPU.ActiveCfg = Release|x64
		{EB17E290-FF94-474C-9B80-B74AD44B9F78}.Python 39|Any CPU.Build.0 = Release|x64
		{EB17E290-FF94-474C-9B80-B74AD44B9F78}.Python 39|x64.ActiveCfg = Debug|x64
		{EB17E290-FF94-474C-9B80-B74AD44B9F78}.Python 39|x64.Build.0 = Debug|x64
		{EB17E290-FF94-474C-9B80-B74AD44B9F78}.Python Debug|Any CPU.ActiveCfg = Debug|x64
		{EB17E290-FF94-474C-9B80-B74AD44B9F78}.Python Debug|Any CPU.Build.0 = Debug|x64
		{EB17E290-FF94-474C-9B80-B74AD44B9F78}.Python Debug|x64.ActiveCfg = Debug|x64
		{EB17E290-FF94-474C-9B80-B74AD44B9F78}.Python Debug|x64.Build.0 = Debug|x64
		{EB17E290-FF94-474C-9B80-B74AD44B9F78}.Release|Any CPU.ActiveCfg = Release|x64
		{EB17E290-FF94-474C-9B80-B74AD44B9F78}.Release|Any CPU.Build.0 = Release|x64
		{EB17E290-FF94-474C-9B80-B74AD44B9F78}.Release|x64.ActiveCfg = Release|x64
		{EB17E290-FF94-474C-9B80-B74AD44B9F78}.Release|x64.Build.0 = Release|x64
		{EB17E290-FF94-474C-9B80-B74AD44B9F78}.stl cvless|Any CPU.ActiveCfg = Debug|x64
		{EB17E290-FF94-474C-9B80-B74AD44B9F78}.stl cvless|Any CPU.Build.0 = Debug|x64
		{EB17E290-FF94-474C-9B80-B74AD44B9F78}.stl cvless|x64.ActiveCfg = Debug|x64
		{EB17E290-FF94-474C-9B80-B74AD44B9F78}.stl cvless|x64.Build.0 = Debug|x64
		{EB17E290-FF94-474C-9B80-B74AD44B9F78}.stl|Any CPU.ActiveCfg = Debug|x64
		{EB17E290-FF94-474C-9B80-B74AD44B9F78}.stl|Any CPU.Build.0 = Debug|x64
		{EB17E290-FF94-474C-9B80-B74AD44B9F78}.stl|x64.ActiveCfg = Debug|x64
		{EB17E290-FF94-474C-9B80-B74AD44B9F78}.stl|x64.Build.0 = Debug|x64
		{EB17E290-FF94-474C-9B80-B74AD44B9F78}.Test|Any CPU.ActiveCfg = Debug|x64
		{EB17E290-FF94-474C-9B80-B74AD44B9F78}.Test|Any CPU.Build.0 = Debug|x64
		{EB17E290-FF94-474C-9B80-B74AD44B9F78}.Test|x64.ActiveCfg = Debug|x64
		{EB17E290-FF94-474C-9B80-B74AD44B9F78}.Test|x64.Build.0 = Debug|x64
	EndGlobalSection
	GlobalSection(SolutionProperties) = preSolution
		HideSolutionNode = FALSE
	EndGlobalSection
	GlobalSection(ExtensibilityGlobals) = postSolution
		SolutionGuid = {00705847-28F2-4F1D-92E9-F51A161D9F6D}
	EndGlobalSection
EndGlobal
