<?xml version="1.0" encoding="utf-8"?>
<Project ToolsVersion="4.0" xmlns="http://schemas.microsoft.com/developer/msbuild/2003">
  <ItemGroup>
    <ClCompile Include="test.cpp">
      <Filter>Tests</Filter>
    </ClCompile>
    <ClCompile Include="BarcodeTests.cpp">
      <Filter>Tests</Filter>
    </ClCompile>
    <ClCompile Include="..\PrjBarlib\modules\Barcode.ixx">
      <Filter>Barcode</Filter>
    </ClCompile>
  </ItemGroup>
  <ItemGroup>
    <ClInclude Include="stb_image.h" />
  </ItemGroup>
  <ItemGroup>
    <Filter Include="ModulesFiles">
      <UniqueIdentifier>{fdfa9552-797b-432d-9a9c-a50e74e4f9aa}</UniqueIdentifier>
    </Filter>
    <Filter Include="Tests">
      <UniqueIdentifier>{3abb94b9-ccef-459a-8cb6-f74c462f2224}</UniqueIdentifier>
    </Filter>
    <Filter Include="Barcode">
      <UniqueIdentifier>{7427da6e-7da4-4528-a944-3c689a9faa80}</UniqueIdentifier>
    </Filter>
  </ItemGroup>
  <ItemGroup>
    <None Include="packages.config" />
  </ItemGroup>
</Project>